
Microsoft Visual Studio Solution File, Format Version 12.00
# Visual Studio 14
VisualStudioVersion = 14.0.25420.1
MinimumVisualStudioVersion = 10.0.40219.1
Project("{FAE04EC0-301F-11D3-BF4B-00C04F79EFBC}") = "Hammodeh_Hens_Farms", "Hammodeh_Hens_Farms\Hammodeh_Hens_Farms.csproj", "{00EB875C-136F-4EFE-B904-6FAF7B4B6354}"
EndProject
Project("{FAE04EC0-301F-11D3-BF4B-00C04F79EFBC}") = "DAL", "DAL\DAL.csproj", "{ED3A65B2-6221-4F5D-A752-DAC2403A6077}"
EndProject
Global
	GlobalSection(SolutionConfigurationPlatforms) = preSolution
		Debug|Any CPU = Debug|Any CPU
		Release|Any CPU = Release|Any CPU
	EndGlobalSection
	GlobalSection(ProjectConfigurationPlatforms) = postSolution
		{00EB875C-136F-4EFE-B904-6FAF7B4B6354}.Debug|Any CPU.ActiveCfg = Debug|Any CPU
		{00EB875C-136F-4EFE-B904-6FAF7B4B6354}.Debug|Any CPU.Build.0 = Debug|Any CPU
		{00EB875C-136F-4EFE-B904-6FAF7B4B6354}.Release|Any CPU.ActiveCfg = Release|Any CPU
		{00EB875C-136F-4EFE-B904-6FAF7B4B6354}.Release|Any CPU.Build.0 = Release|Any CPU
		{ED3A65B2-6221-4F5D-A752-DAC2403A6077}.Debug|Any CPU.ActiveCfg = Debug|Any CPU
		{ED3A65B2-6221-4F5D-A752-DAC2403A6077}.Debug|Any CPU.Build.0 = Debug|Any CPU
		{ED3A65B2-6221-4F5D-A752-DAC2403A6077}.Release|Any CPU.ActiveCfg = Release|Any CPU
		{ED3A65B2-6221-4F5D-A752-DAC2403A6077}.Release|Any CPU.Build.0 = Release|Any CPU
	EndGlobalSection
	GlobalSection(SolutionProperties) = preSolution
		HideSolutionNode = FALSE
	EndGlobalSection
EndGlobal
